
Microsoft Visual Studio Solution File, Format Version 12.00
# Visual Studio Version 17
VisualStudioVersion = 17.5.002.0
MinimumVisualStudioVersion = 10.0.40219.1
Project("{9A19103F-16F7-4668-BE54-9A1E7A4F7556}") = "cms.Api", "cms.Api\cms.Api.csproj", "{47591A93-C054-4454-941F-2CD839EF47D7}"
EndProject
Project("{9A19103F-16F7-4668-BE54-9A1E7A4F7556}") = "cms.Core", "cms.Core\cms.Core.csproj", "{44B4DEC1-3655-4486-900E-9F7F3302672B}"
EndProject
Project("{9A19103F-16F7-4668-BE54-9A1E7A4F7556}") = "cms.Data", "cms.Data\cms.Data.csproj", "{B96BA831-5D73-46DD-B4B7-8388BD1B1DCA}"
EndProject
Project("{9A19103F-16F7-4668-BE54-9A1E7A4F7556}") = "cms.WebApp", "cms.WebApp\cms.WebApp.csproj", "{8A469ECB-10FB-47B4-9909-8FA7E770D8F3}"
EndProject
Global
	GlobalSection(SolutionConfigurationPlatforms) = preSolution
		Debug|Any CPU = Debug|Any CPU
		Release|Any CPU = Release|Any CPU
	EndGlobalSection
	GlobalSection(ProjectConfigurationPlatforms) = postSolution
		{47591A93-C054-4454-941F-2CD839EF47D7}.Debug|Any CPU.ActiveCfg = Debug|Any CPU
		{47591A93-C054-4454-941F-2CD839EF47D7}.Debug|Any CPU.Build.0 = Debug|Any CPU
		{47591A93-C054-4454-941F-2CD839EF47D7}.Release|Any CPU.ActiveCfg = Release|Any CPU
		{47591A93-C054-4454-941F-2CD839EF47D7}.Release|Any CPU.Build.0 = Release|Any CPU
		{44B4DEC1-3655-4486-900E-9F7F3302672B}.Debug|Any CPU.ActiveCfg = Debug|Any CPU
		{44B4DEC1-3655-4486-900E-9F7F3302672B}.Debug|Any CPU.Build.0 = Debug|Any CPU
		{44B4DEC1-3655-4486-900E-9F7F3302672B}.Release|Any CPU.ActiveCfg = Release|Any CPU
		{44B4DEC1-3655-4486-900E-9F7F3302672B}.Release|Any CPU.Build.0 = Release|Any CPU
		{B96BA831-5D73-46DD-B4B7-8388BD1B1DCA}.Debug|Any CPU.ActiveCfg = Debug|Any CPU
		{B96BA831-5D73-46DD-B4B7-8388BD1B1DCA}.Debug|Any CPU.Build.0 = Debug|Any CPU
		{B96BA831-5D73-46DD-B4B7-8388BD1B1DCA}.Release|Any CPU.ActiveCfg = Release|Any CPU
		{B96BA831-5D73-46DD-B4B7-8388BD1B1DCA}.Release|Any CPU.Build.0 = Release|Any CPU
		{8A469ECB-10FB-47B4-9909-8FA7E770D8F3}.Debug|Any CPU.ActiveCfg = Debug|Any CPU
		{8A469ECB-10FB-47B4-9909-8FA7E770D8F3}.Debug|Any CPU.Build.0 = Debug|Any CPU
		{8A469ECB-10FB-47B4-9909-8FA7E770D8F3}.Release|Any CPU.ActiveCfg = Release|Any CPU
		{8A469ECB-10FB-47B4-9909-8FA7E770D8F3}.Release|Any CPU.Build.0 = Release|Any CPU
	EndGlobalSection
	GlobalSection(SolutionProperties) = preSolution
		HideSolutionNode = FALSE
	EndGlobalSection
	GlobalSection(ExtensibilityGlobals) = postSolution
		SolutionGuid = {26CAEC54-F76B-41C1-8EA7-144589050344}
	EndGlobalSection
EndGlobal
